// !$*UTF8*$!
{
	archiveVersion = 1;
	classes = {
	};
	objectVersion = 77;
	objects = {

/* Begin PBXBuildFile section */
		004D8A78B0B7231D2B0AE54E /* PersistenceTests.swift in Sources */ = {isa = PBXBuildFile; fileRef = 1C5A87FBAE440CB90C20C7D6 /* PersistenceTests.swift */; };
		009BFDC795B37B6DB640CD1A /* LibraryRootView.swift in Sources */ = {isa = PBXBuildFile; fileRef = 58D98DA5F300CC42310CE160 /* LibraryRootView.swift */; };
		07360D5690400F521255DC73 /* WebVerificationStoreTests.swift in Sources */ = {isa = PBXBuildFile; fileRef = 071BFF499B462D6F825F17E5 /* WebVerificationStoreTests.swift */; };
		0B493AFF3233158F8D3FA690 /* Localizable.xcstrings in Resources */ = {isa = PBXBuildFile; fileRef = 196BE55A85434A7EA20CF2CC /* Localizable.xcstrings */; };
		19CC1707659A6A5FEC5D9022 /* GenericNovelAdapter.swift in Sources */ = {isa = PBXBuildFile; fileRef = FB232BA40FDEACF9051BB07C /* GenericNovelAdapter.swift */; };
		1BC0694779A074253BE1822F /* WebKitHTMLLoader.swift in Sources */ = {isa = PBXBuildFile; fileRef = FB05103F9EEF73AD9B3CBB7F /* WebKitHTMLLoader.swift */; };
		1BC655056225E3BD65C687C2 /* YYReaderApp.swift in Sources */ = {isa = PBXBuildFile; fileRef = 78AF145EE46E35499D1F81E3 /* YYReaderApp.swift */; };
		28EEF515B9B61FF5AF0BCD89 /* TestFixture.swift in Sources */ = {isa = PBXBuildFile; fileRef = E7ED0B9992F36F0EC7E5204E /* TestFixture.swift */; };
		30D0DE162D03DCC5B09A7E6B /* ReaderPreferenceKeys.swift in Sources */ = {isa = PBXBuildFile; fileRef = F54E20F4E7492E288E4E6263 /* ReaderPreferenceKeys.swift */; };
		359237AAFCCA7F72EE876A84 /* WebKitHostSession.swift in Sources */ = {isa = PBXBuildFile; fileRef = 60C257C3334253FDA545E767 /* WebKitHostSession.swift */; };
		36B330B1679B53B866C01302 /* ChapterSeed.swift in Sources */ = {isa = PBXBuildFile; fileRef = E80A1F8E2F806202933B9AB0 /* ChapterSeed.swift */; };
		37FA5D5426EE6A138FAB2347 /* BrowserHTMLLoading.swift in Sources */ = {isa = PBXBuildFile; fileRef = 5B051F7BA1876915BF0B9C42 /* BrowserHTMLLoading.swift */; };
		3E22591FD9F89E31775A632C /* AddURLSheet.swift in Sources */ = {isa = PBXBuildFile; fileRef = D044672EEE0BD4388C59459F /* AddURLSheet.swift */; };
		3EB8F85FEFE6756D0F74B607 /* NovelImportCoordinatorTests.swift in Sources */ = {isa = PBXBuildFile; fileRef = CBF8749F98DE0A2712F05A9D /* NovelImportCoordinatorTests.swift */; };
		409E2E2D8E8F38C443DF01E7 /* NovelImportResult.swift in Sources */ = {isa = PBXBuildFile; fileRef = 0A0C2BF6B6A3928A55288E00 /* NovelImportResult.swift */; };
		42698DCAD444FB862048ACB9 /* AppearanceInspectorView.swift in Sources */ = {isa = PBXBuildFile; fileRef = 3D1FE8ACBCD32A22D38F5482 /* AppearanceInspectorView.swift */; };
		43DFD3FFF7A05F82B8933A2B /* SettingsView.swift in Sources */ = {isa = PBXBuildFile; fileRef = E42C84BE0068A64111D7ECFD /* SettingsView.swift */; };
		4492D78D2E6B7FFBEB9F2006 /* WebVerificationSheet.swift in Sources */ = {isa = PBXBuildFile; fileRef = 8082FDBBCD83433CA69E01B1 /* WebVerificationSheet.swift */; };
		4A4C5F8A6717967E98475963 /* URLSessionHTMLLoaderTests.swift in Sources */ = {isa = PBXBuildFile; fileRef = F237AAB35C9FAAC0ACDE32DF /* URLSessionHTMLLoaderTests.swift */; };
		4BA7C64F52DA2AAA654598AF /* ReaderContentView.swift in Sources */ = {isa = PBXBuildFile; fileRef = 08C25A3B8B6503DA98B7E3EE /* ReaderContentView.swift */; };
		4C92A5942DCBDF2F7B604A4A /* ChapterListRow.swift in Sources */ = {isa = PBXBuildFile; fileRef = 98EA304347ABE06E85EC3B2E /* ChapterListRow.swift */; };
		558D40AC4B764334F8E3E5EB /* BookSidebarView.swift in Sources */ = {isa = PBXBuildFile; fileRef = 8EF1291F4E27B8B4FE509C2E /* BookSidebarView.swift */; };
		58AD125ED53BDDC187DCF1D6 /* ReaderCommandActions.swift in Sources */ = {isa = PBXBuildFile; fileRef = 5F75B2D2568DD36D93DE7EFF /* ReaderCommandActions.swift */; };
		5B175FEF7C01E5192325F8AF /* PresentedError.swift in Sources */ = {isa = PBXBuildFile; fileRef = A970E77F45F639BE46466C34 /* PresentedError.swift */; };
		612B59FD206D850D9E5EC6E4 /* WebVerificationStore.swift in Sources */ = {isa = PBXBuildFile; fileRef = B7F172692A51043633A53575 /* WebVerificationStore.swift */; };
		617F23954D368296923CE412 /* LoadingOverlay.swift in Sources */ = {isa = PBXBuildFile; fileRef = 6A953173EF20ADE8253E9B38 /* LoadingOverlay.swift */; };
		64085E444EB16F9C6DDCA49C /* HTMLDocumentLoading.swift in Sources */ = {isa = PBXBuildFile; fileRef = 35B2125C2840385131A643EA /* HTMLDocumentLoading.swift */; };
		674DF86A39674877000083F4 /* LibraryStore.swift in Sources */ = {isa = PBXBuildFile; fileRef = CBD58306A8C28850D96032D6 /* LibraryStore.swift */; };
		6952C68CD9E68046BE1293C0 /* LoadedHTML.swift in Sources */ = {isa = PBXBuildFile; fileRef = 5D08DB90C7789698A8F4EF47 /* LoadedHTML.swift */; };
		6C48C46340A504942D277BCC /* LibrarySceneView.swift in Sources */ = {isa = PBXBuildFile; fileRef = 2AE4AD03CC4FBB18CCF6CA46 /* LibrarySceneView.swift */; };
		729AA310909477A4C13B37BB /* HTMLChallengeDetector.swift in Sources */ = {isa = PBXBuildFile; fileRef = 8FD75CA164D0F7503CD112CD /* HTMLChallengeDetector.swift */; };
		7E943BD2878FA71800439E82 /* Chapter.swift in Sources */ = {isa = PBXBuildFile; fileRef = A5D761F36F7A56585B471FF4 /* Chapter.swift */; };
		84C4D4EEE97245831FE23B1C /* ReaderFontFamily.swift in Sources */ = {isa = PBXBuildFile; fileRef = 8D2E26E4BA7E1FFC85D45EDC /* ReaderFontFamily.swift */; };
		87AB7B86468839E489494A7C /* ParsedBookCatalog.swift in Sources */ = {isa = PBXBuildFile; fileRef = 9F099E04E236C9771869D04C /* ParsedBookCatalog.swift */; };
		8B580A7CBF7E1DD56044708E /* URLSessionHTMLLoader.swift in Sources */ = {isa = PBXBuildFile; fileRef = 1BF1A7EE7FD930325126B08D /* URLSessionHTMLLoader.swift */; };
		903FE3125096698CE1547124 /* HTMLLoadError.swift in Sources */ = {isa = PBXBuildFile; fileRef = 27C80771729D62554BFAC4D6 /* HTMLLoadError.swift */; };
		937A142878F8921B6ADC0225 /* YYReaderCommands.swift in Sources */ = {isa = PBXBuildFile; fileRef = 4B4337F074B548FC6EDC7F63 /* YYReaderCommands.swift */; };
		93A7A3D4FD59AAACA61D7F81 /* HostRateLimiterTests.swift in Sources */ = {isa = PBXBuildFile; fileRef = D0D3F63E9E08B35BA3ACB1BD /* HostRateLimiterTests.swift */; };
		96293ED26702025B94E5319F /* Book.swift in Sources */ = {isa = PBXBuildFile; fileRef = D5D1740DCF73FCC87C639D10 /* Book.swift */; };
		A5B00F2450D59197C0B81C5D /* Assets.xcassets in Resources */ = {isa = PBXBuildFile; fileRef = 32AB5D097116B632E1AB1E3C /* Assets.xcassets */; };
		A68D8E76A2C1D0DA4C02C22B /* ParsedChapterPage.swift in Sources */ = {isa = PBXBuildFile; fileRef = EF1CCB98FB4AB3A76240C417 /* ParsedChapterPage.swift */; };
		A73EEF0DC258286645A1AEC3 /* BookSidebarRow.swift in Sources */ = {isa = PBXBuildFile; fileRef = 07CC7883179C338CD1A43211 /* BookSidebarRow.swift */; };
		A87D6E81BB08990A03275CEB /* NovelSourceAdapter.swift in Sources */ = {isa = PBXBuildFile; fileRef = 6FD51C7589B5F294D12D85C5 /* NovelSourceAdapter.swift */; };
		BC4A5DFF1E411D647CEA04E9 /* WebVerificationWebView.swift in Sources */ = {isa = PBXBuildFile; fileRef = 16962E22CE775BEF29CF2B36 /* WebVerificationWebView.swift */; };
		C6447841F0B15C04B263B334 /* NovelParsingError.swift in Sources */ = {isa = PBXBuildFile; fileRef = 18F8171F673C531B4B322F32 /* NovelParsingError.swift */; };
		C6D38CEB69A9CF4FC9537530 /* ChapterLoadResult.swift in Sources */ = {isa = PBXBuildFile; fileRef = C7D5F292EE7DD72DA68E2645 /* ChapterLoadResult.swift */; };
		C7150A1F172FC1ADDADBC4A0 /* ReaderChapterFooter.swift in Sources */ = {isa = PBXBuildFile; fileRef = 2330B732087CE3C5FFB3E748 /* ReaderChapterFooter.swift */; };
		CB80C2AFB2C0644048B9B2B7 /* QidiySourceAdapterTests.swift in Sources */ = {isa = PBXBuildFile; fileRef = C32C675F4D81477BFFA9CD42 /* QidiySourceAdapterTests.swift */; };
		CC77BA445BE2DF949A447E5C /* AppServices.swift in Sources */ = {isa = PBXBuildFile; fileRef = CD7C682CCEB631ECB765AF3B /* AppServices.swift */; };
		CE0DF3B1BB48CA5D6A8516DD /* VerificationRequest.swift in Sources */ = {isa = PBXBuildFile; fileRef = A236FF161626D4F5303DFF71 /* VerificationRequest.swift */; };
		CE5AE74C60CF5809DA06DF84 /* HybridHTMLLoader.swift in Sources */ = {isa = PBXBuildFile; fileRef = 640BD2FB3A2FBFF1931C4B8D /* HybridHTMLLoader.swift */; };
		E5FABD7219D900D7F148630B /* ReaderTheme.swift in Sources */ = {isa = PBXBuildFile; fileRef = 6C9CBDB8A44F784298110098 /* ReaderTheme.swift */; };
		E74DEFD9BA19EB08A1F270C6 /* HybridHTMLLoaderTests.swift in Sources */ = {isa = PBXBuildFile; fileRef = 766B2107CD7A9B981E5514CB /* HybridHTMLLoaderTests.swift */; };
		E8A4A8253AEBD688095741E1 /* QidiySourceAdapter.swift in Sources */ = {isa = PBXBuildFile; fileRef = 8F23556879F40202C55A5AE2 /* QidiySourceAdapter.swift */; };
		E947B676353F0C4CE368AB69 /* ReaderView.swift in Sources */ = {isa = PBXBuildFile; fileRef = DD05D6CF260ED4D8F4170A55 /* ReaderView.swift */; };
		E9F38C39738A112A707DB0FD /* SwiftSoup in Frameworks */ = {isa = PBXBuildFile; productRef = C4E8D1300F406932D8930199 /* SwiftSoup */; };
		EB3FB3B318FABA961EEAFB48 /* MockHTMLLoader.swift in Sources */ = {isa = PBXBuildFile; fileRef = A84805A6C3E6F8B7D1A31E1A /* MockHTMLLoader.swift */; };
		ECB480AE20FB7F05887E9B93 /* YYReaderUITests.swift in Sources */ = {isa = PBXBuildFile; fileRef = C58D088BCD41C64F65513CCF /* YYReaderUITests.swift */; };
		EFF2EDE24E5FCB974A3AE051 /* NovelParserRegistry.swift in Sources */ = {isa = PBXBuildFile; fileRef = 6199C6EE07E4B8E958A72431 /* NovelParserRegistry.swift */; };
		F01DFEDC5F5467EBD4C160AE /* LibraryStoreTests.swift in Sources */ = {isa = PBXBuildFile; fileRef = 8CE1ABD9F8C197D6EBAFE21F /* LibraryStoreTests.swift */; };
		F4DD90DCB55EB006E7D3A609 /* HTMLParsingSupport.swift in Sources */ = {isa = PBXBuildFile; fileRef = 99E73C0A377606B7AE3D2441 /* HTMLParsingSupport.swift */; };
		F68A7482CDF738D05A945712 /* GenericNovelAdapterTests.swift in Sources */ = {isa = PBXBuildFile; fileRef = 7D0924EC2E290CCE9F260E5C /* GenericNovelAdapterTests.swift */; };
		F711029E67DE635F87ABB740 /* NovelImportCoordinator.swift in Sources */ = {isa = PBXBuildFile; fileRef = 3787AFBE8EAC539387F397DA /* NovelImportCoordinator.swift */; };
		F842D815343EE1457D805495 /* ChapterListView.swift in Sources */ = {isa = PBXBuildFile; fileRef = D8C34013BDE6587DD61D4B05 /* ChapterListView.swift */; };
		FB802AA6FCCD1B9DEDD2B993 /* StaticHTMLLoading.swift in Sources */ = {isa = PBXBuildFile; fileRef = A754BF62E89043E19297471E /* StaticHTMLLoading.swift */; };
		FBC706AB0EC52F83781B8F3A /* ReaderChapterHeader.swift in Sources */ = {isa = PBXBuildFile; fileRef = 18BD4265501668198E65C51D /* ReaderChapterHeader.swift */; };
		FD6174CB2225418AA2DBFF31 /* HostRateLimiter.swift in Sources */ = {isa = PBXBuildFile; fileRef = 504AAFA49956B2F19B107A79 /* HostRateLimiter.swift */; };
/* End PBXBuildFile section */

/* Begin PBXContainerItemProxy section */
		759297D28386970EE8104FF6 /* PBXContainerItemProxy */ = {
			isa = PBXContainerItemProxy;
			containerPortal = FEFD8B21F08E6687963FF449 /* Project object */;
			proxyType = 1;
			remoteGlobalIDString = EC92EF3A20F2F3298EC3D8A5;
			remoteInfo = YYReader;
		};
		9DA4F2E230B52A028E1F7FE9 /* PBXContainerItemProxy */ = {
			isa = PBXContainerItemProxy;
			containerPortal = FEFD8B21F08E6687963FF449 /* Project object */;
			proxyType = 1;
			remoteGlobalIDString = EC92EF3A20F2F3298EC3D8A5;
			remoteInfo = YYReader;
		};
/* End PBXContainerItemProxy section */

/* Begin PBXFileReference section */
		071BFF499B462D6F825F17E5 /* WebVerificationStoreTests.swift */ = {isa = PBXFileReference; lastKnownFileType = sourcecode.swift; path = WebVerificationStoreTests.swift; sourceTree = "<group>"; };
		07CC7883179C338CD1A43211 /* BookSidebarRow.swift */ = {isa = PBXFileReference; lastKnownFileType = sourcecode.swift; path = BookSidebarRow.swift; sourceTree = "<group>"; };
		08C25A3B8B6503DA98B7E3EE /* ReaderContentView.swift */ = {isa = PBXFileReference; lastKnownFileType = sourcecode.swift; path = ReaderContentView.swift; sourceTree = "<group>"; };
		0A0C2BF6B6A3928A55288E00 /* NovelImportResult.swift */ = {isa = PBXFileReference; lastKnownFileType = sourcecode.swift; path = NovelImportResult.swift; sourceTree = "<group>"; };
		16962E22CE775BEF29CF2B36 /* WebVerificationWebView.swift */ = {isa = PBXFileReference; lastKnownFileType = sourcecode.swift; path = WebVerificationWebView.swift; sourceTree = "<group>"; };
		18BD4265501668198E65C51D /* ReaderChapterHeader.swift */ = {isa = PBXFileReference; lastKnownFileType = sourcecode.swift; path = ReaderChapterHeader.swift; sourceTree = "<group>"; };
		18F8171F673C531B4B322F32 /* NovelParsingError.swift */ = {isa = PBXFileReference; lastKnownFileType = sourcecode.swift; path = NovelParsingError.swift; sourceTree = "<group>"; };
		196BE55A85434A7EA20CF2CC /* Localizable.xcstrings */ = {isa = PBXFileReference; lastKnownFileType = text.json.xcstrings; path = Localizable.xcstrings; sourceTree = "<group>"; };
		1BF1A7EE7FD930325126B08D /* URLSessionHTMLLoader.swift */ = {isa = PBXFileReference; lastKnownFileType = sourcecode.swift; path = URLSessionHTMLLoader.swift; sourceTree = "<group>"; };
		1C5A87FBAE440CB90C20C7D6 /* PersistenceTests.swift */ = {isa = PBXFileReference; lastKnownFileType = sourcecode.swift; path = PersistenceTests.swift; sourceTree = "<group>"; };
		2330B732087CE3C5FFB3E748 /* ReaderChapterFooter.swift */ = {isa = PBXFileReference; lastKnownFileType = sourcecode.swift; path = ReaderChapterFooter.swift; sourceTree = "<group>"; };
		27C80771729D62554BFAC4D6 /* HTMLLoadError.swift */ = {isa = PBXFileReference; lastKnownFileType = sourcecode.swift; path = HTMLLoadError.swift; sourceTree = "<group>"; };
		2AE4AD03CC4FBB18CCF6CA46 /* LibrarySceneView.swift */ = {isa = PBXFileReference; lastKnownFileType = sourcecode.swift; path = LibrarySceneView.swift; sourceTree = "<group>"; };
		32AB5D097116B632E1AB1E3C /* Assets.xcassets */ = {isa = PBXFileReference; lastKnownFileType = folder.assetcatalog; path = Assets.xcassets; sourceTree = "<group>"; };
		35B2125C2840385131A643EA /* HTMLDocumentLoading.swift */ = {isa = PBXFileReference; lastKnownFileType = sourcecode.swift; path = HTMLDocumentLoading.swift; sourceTree = "<group>"; };
		3787AFBE8EAC539387F397DA /* NovelImportCoordinator.swift */ = {isa = PBXFileReference; lastKnownFileType = sourcecode.swift; path = NovelImportCoordinator.swift; sourceTree = "<group>"; };
		3D1FE8ACBCD32A22D38F5482 /* AppearanceInspectorView.swift */ = {isa = PBXFileReference; lastKnownFileType = sourcecode.swift; path = AppearanceInspectorView.swift; sourceTree = "<group>"; };
		4710DC4751044747A3180DED /* YYReaderUITests.xctest */ = {isa = PBXFileReference; explicitFileType = wrapper.cfbundle; includeInIndex = 0; path = YYReaderUITests.xctest; sourceTree = BUILT_PRODUCTS_DIR; };
		4B4337F074B548FC6EDC7F63 /* YYReaderCommands.swift */ = {isa = PBXFileReference; lastKnownFileType = sourcecode.swift; path = YYReaderCommands.swift; sourceTree = "<group>"; };
		504AAFA49956B2F19B107A79 /* HostRateLimiter.swift */ = {isa = PBXFileReference; lastKnownFileType = sourcecode.swift; path = HostRateLimiter.swift; sourceTree = "<group>"; };
		58D98DA5F300CC42310CE160 /* LibraryRootView.swift */ = {isa = PBXFileReference; lastKnownFileType = sourcecode.swift; path = LibraryRootView.swift; sourceTree = "<group>"; };
		5B051F7BA1876915BF0B9C42 /* BrowserHTMLLoading.swift */ = {isa = PBXFileReference; lastKnownFileType = sourcecode.swift; path = BrowserHTMLLoading.swift; sourceTree = "<group>"; };
		5D08DB90C7789698A8F4EF47 /* LoadedHTML.swift */ = {isa = PBXFileReference; lastKnownFileType = sourcecode.swift; path = LoadedHTML.swift; sourceTree = "<group>"; };
		5F75B2D2568DD36D93DE7EFF /* ReaderCommandActions.swift */ = {isa = PBXFileReference; lastKnownFileType = sourcecode.swift; path = ReaderCommandActions.swift; sourceTree = "<group>"; };
		60C257C3334253FDA545E767 /* WebKitHostSession.swift */ = {isa = PBXFileReference; lastKnownFileType = sourcecode.swift; path = WebKitHostSession.swift; sourceTree = "<group>"; };
		6199C6EE07E4B8E958A72431 /* NovelParserRegistry.swift */ = {isa = PBXFileReference; lastKnownFileType = sourcecode.swift; path = NovelParserRegistry.swift; sourceTree = "<group>"; };
		640BD2FB3A2FBFF1931C4B8D /* HybridHTMLLoader.swift */ = {isa = PBXFileReference; lastKnownFileType = sourcecode.swift; path = HybridHTMLLoader.swift; sourceTree = "<group>"; };
		6A953173EF20ADE8253E9B38 /* LoadingOverlay.swift */ = {isa = PBXFileReference; lastKnownFileType = sourcecode.swift; path = LoadingOverlay.swift; sourceTree = "<group>"; };
		6C9CBDB8A44F784298110098 /* ReaderTheme.swift */ = {isa = PBXFileReference; lastKnownFileType = sourcecode.swift; path = ReaderTheme.swift; sourceTree = "<group>"; };
		6FD51C7589B5F294D12D85C5 /* NovelSourceAdapter.swift */ = {isa = PBXFileReference; lastKnownFileType = sourcecode.swift; path = NovelSourceAdapter.swift; sourceTree = "<group>"; };
		73920F9768402D318E6192DC /* Info.plist */ = {isa = PBXFileReference; lastKnownFileType = text.plist; path = Info.plist; sourceTree = "<group>"; };
		766B2107CD7A9B981E5514CB /* HybridHTMLLoaderTests.swift */ = {isa = PBXFileReference; lastKnownFileType = sourcecode.swift; path = HybridHTMLLoaderTests.swift; sourceTree = "<group>"; };
		78AF145EE46E35499D1F81E3 /* YYReaderApp.swift */ = {isa = PBXFileReference; lastKnownFileType = sourcecode.swift; path = YYReaderApp.swift; sourceTree = "<group>"; };
		7D0924EC2E290CCE9F260E5C /* GenericNovelAdapterTests.swift */ = {isa = PBXFileReference; lastKnownFileType = sourcecode.swift; path = GenericNovelAdapterTests.swift; sourceTree = "<group>"; };
		8082FDBBCD83433CA69E01B1 /* WebVerificationSheet.swift */ = {isa = PBXFileReference; lastKnownFileType = sourcecode.swift; path = WebVerificationSheet.swift; sourceTree = "<group>"; };
		8CE1ABD9F8C197D6EBAFE21F /* LibraryStoreTests.swift */ = {isa = PBXFileReference; lastKnownFileType = sourcecode.swift; path = LibraryStoreTests.swift; sourceTree = "<group>"; };
		8D2E26E4BA7E1FFC85D45EDC /* ReaderFontFamily.swift */ = {isa = PBXFileReference; lastKnownFileType = sourcecode.swift; path = ReaderFontFamily.swift; sourceTree = "<group>"; };
		8EF1291F4E27B8B4FE509C2E /* BookSidebarView.swift */ = {isa = PBXFileReference; lastKnownFileType = sourcecode.swift; path = BookSidebarView.swift; sourceTree = "<group>"; };
		8F23556879F40202C55A5AE2 /* QidiySourceAdapter.swift */ = {isa = PBXFileReference; lastKnownFileType = sourcecode.swift; path = QidiySourceAdapter.swift; sourceTree = "<group>"; };
		8FD75CA164D0F7503CD112CD /* HTMLChallengeDetector.swift */ = {isa = PBXFileReference; lastKnownFileType = sourcecode.swift; path = HTMLChallengeDetector.swift; sourceTree = "<group>"; };
		98EA304347ABE06E85EC3B2E /* ChapterListRow.swift */ = {isa = PBXFileReference; lastKnownFileType = sourcecode.swift; path = ChapterListRow.swift; sourceTree = "<group>"; };
		99E73C0A377606B7AE3D2441 /* HTMLParsingSupport.swift */ = {isa = PBXFileReference; lastKnownFileType = sourcecode.swift; path = HTMLParsingSupport.swift; sourceTree = "<group>"; };
		9F099E04E236C9771869D04C /* ParsedBookCatalog.swift */ = {isa = PBXFileReference; lastKnownFileType = sourcecode.swift; path = ParsedBookCatalog.swift; sourceTree = "<group>"; };
		A236FF161626D4F5303DFF71 /* VerificationRequest.swift */ = {isa = PBXFileReference; lastKnownFileType = sourcecode.swift; path = VerificationRequest.swift; sourceTree = "<group>"; };
		A5D761F36F7A56585B471FF4 /* Chapter.swift */ = {isa = PBXFileReference; lastKnownFileType = sourcecode.swift; path = Chapter.swift; sourceTree = "<group>"; };
		A754BF62E89043E19297471E /* StaticHTMLLoading.swift */ = {isa = PBXFileReference; lastKnownFileType = sourcecode.swift; path = StaticHTMLLoading.swift; sourceTree = "<group>"; };
		A84805A6C3E6F8B7D1A31E1A /* MockHTMLLoader.swift */ = {isa = PBXFileReference; lastKnownFileType = sourcecode.swift; path = MockHTMLLoader.swift; sourceTree = "<group>"; };
		A853C78203225CD1EE19A454 /* YYReader.app */ = {isa = PBXFileReference; explicitFileType = wrapper.application; includeInIndex = 0; path = YYReader.app; sourceTree = BUILT_PRODUCTS_DIR; };
		A970E77F45F639BE46466C34 /* PresentedError.swift */ = {isa = PBXFileReference; lastKnownFileType = sourcecode.swift; path = PresentedError.swift; sourceTree = "<group>"; };
		B7F172692A51043633A53575 /* WebVerificationStore.swift */ = {isa = PBXFileReference; lastKnownFileType = sourcecode.swift; path = WebVerificationStore.swift; sourceTree = "<group>"; };
		C32C675F4D81477BFFA9CD42 /* QidiySourceAdapterTests.swift */ = {isa = PBXFileReference; lastKnownFileType = sourcecode.swift; path = QidiySourceAdapterTests.swift; sourceTree = "<group>"; };
		C58D088BCD41C64F65513CCF /* YYReaderUITests.swift */ = {isa = PBXFileReference; lastKnownFileType = sourcecode.swift; path = YYReaderUITests.swift; sourceTree = "<group>"; };
		C7D5F292EE7DD72DA68E2645 /* ChapterLoadResult.swift */ = {isa = PBXFileReference; lastKnownFileType = sourcecode.swift; path = ChapterLoadResult.swift; sourceTree = "<group>"; };
		CBD58306A8C28850D96032D6 /* LibraryStore.swift */ = {isa = PBXFileReference; lastKnownFileType = sourcecode.swift; path = LibraryStore.swift; sourceTree = "<group>"; };
		CBF8749F98DE0A2712F05A9D /* NovelImportCoordinatorTests.swift */ = {isa = PBXFileReference; lastKnownFileType = sourcecode.swift; path = NovelImportCoordinatorTests.swift; sourceTree = "<group>"; };
		CD7C682CCEB631ECB765AF3B /* AppServices.swift */ = {isa = PBXFileReference; lastKnownFileType = sourcecode.swift; path = AppServices.swift; sourceTree = "<group>"; };
		D044672EEE0BD4388C59459F /* AddURLSheet.swift */ = {isa = PBXFileReference; lastKnownFileType = sourcecode.swift; path = AddURLSheet.swift; sourceTree = "<group>"; };
		D0D3F63E9E08B35BA3ACB1BD /* HostRateLimiterTests.swift */ = {isa = PBXFileReference; lastKnownFileType = sourcecode.swift; path = HostRateLimiterTests.swift; sourceTree = "<group>"; };
		D5D1740DCF73FCC87C639D10 /* Book.swift */ = {isa = PBXFileReference; lastKnownFileType = sourcecode.swift; path = Book.swift; sourceTree = "<group>"; };
		D8C34013BDE6587DD61D4B05 /* ChapterListView.swift */ = {isa = PBXFileReference; lastKnownFileType = sourcecode.swift; path = ChapterListView.swift; sourceTree = "<group>"; };
		DD05D6CF260ED4D8F4170A55 /* ReaderView.swift */ = {isa = PBXFileReference; lastKnownFileType = sourcecode.swift; path = ReaderView.swift; sourceTree = "<group>"; };
		E42C84BE0068A64111D7ECFD /* SettingsView.swift */ = {isa = PBXFileReference; lastKnownFileType = sourcecode.swift; path = SettingsView.swift; sourceTree = "<group>"; };
		E7ED0B9992F36F0EC7E5204E /* TestFixture.swift */ = {isa = PBXFileReference; lastKnownFileType = sourcecode.swift; path = TestFixture.swift; sourceTree = "<group>"; };
		E80A1F8E2F806202933B9AB0 /* ChapterSeed.swift */ = {isa = PBXFileReference; lastKnownFileType = sourcecode.swift; path = ChapterSeed.swift; sourceTree = "<group>"; };
		EF1CCB98FB4AB3A76240C417 /* ParsedChapterPage.swift */ = {isa = PBXFileReference; lastKnownFileType = sourcecode.swift; path = ParsedChapterPage.swift; sourceTree = "<group>"; };
		F237AAB35C9FAAC0ACDE32DF /* URLSessionHTMLLoaderTests.swift */ = {isa = PBXFileReference; lastKnownFileType = sourcecode.swift; path = URLSessionHTMLLoaderTests.swift; sourceTree = "<group>"; };
		F457E711268710ACEC351E87 /* YYReaderTests.xctest */ = {isa = PBXFileReference; explicitFileType = wrapper.cfbundle; includeInIndex = 0; path = YYReaderTests.xctest; sourceTree = BUILT_PRODUCTS_DIR; };
		F54E20F4E7492E288E4E6263 /* ReaderPreferenceKeys.swift */ = {isa = PBXFileReference; lastKnownFileType = sourcecode.swift; path = ReaderPreferenceKeys.swift; sourceTree = "<group>"; };
		FB05103F9EEF73AD9B3CBB7F /* WebKitHTMLLoader.swift */ = {isa = PBXFileReference; lastKnownFileType = sourcecode.swift; path = WebKitHTMLLoader.swift; sourceTree = "<group>"; };
		FB232BA40FDEACF9051BB07C /* GenericNovelAdapter.swift */ = {isa = PBXFileReference; lastKnownFileType = sourcecode.swift; path = GenericNovelAdapter.swift; sourceTree = "<group>"; };
		FB80376125151F62E66C5BB7 /* YYReader.entitlements */ = {isa = PBXFileReference; lastKnownFileType = text.plist.entitlements; path = YYReader.entitlements; sourceTree = "<group>"; };
/* End PBXFileReference section */

/* Begin PBXFrameworksBuildPhase section */
		5B0C080D0D3B2A8936CBAEA4 /* Frameworks */ = {
			isa = PBXFrameworksBuildPhase;
			buildActionMask = 2147483647;
			files = (
				E9F38C39738A112A707DB0FD /* SwiftSoup in Frameworks */,
			);
			runOnlyForDeploymentPostprocessing = 0;
		};
/* End PBXFrameworksBuildPhase section */

/* Begin PBXGroup section */
		0492F191CAFFDC8A8E09B297 /* Support */ = {
			isa = PBXGroup;
			children = (
				CD7C682CCEB631ECB765AF3B /* AppServices.swift */,
				5F75B2D2568DD36D93DE7EFF /* ReaderCommandActions.swift */,
				F54E20F4E7492E288E4E6263 /* ReaderPreferenceKeys.swift */,
			);
			path = Support;
			sourceTree = "<group>";
		};
		1D1647A7C434E42401B5E80A /* YYReader */ = {
			isa = PBXGroup;
			children = (
				73920F9768402D318E6192DC /* Info.plist */,
				FB80376125151F62E66C5BB7 /* YYReader.entitlements */,
				A4E6DE9851C9165254126295 /* App */,
				3242004E92A36E81F85D4AA3 /* Models */,
				34532CECC2417FA5B40F19E2 /* Parsing */,
				C7FD6F0A6BA1AB58A95F428D /* Resources */,
				BD699D24DE9727CE0BE6BE4C /* Services */,
				DB2845E9FD5D9D6A3E062EC3 /* Stores */,
				0492F191CAFFDC8A8E09B297 /* Support */,
				5094B1DEBDC637FBD4DE4B79 /* Views */,
			);
			path = YYReader;
			sourceTree = "<group>";
		};
		1FB1BA4DBE62AE25456E34E7 = {
			isa = PBXGroup;
			children = (
				1D1647A7C434E42401B5E80A /* YYReader */,
				CBF7B83B1202E89BA012E6E0 /* YYReaderTests */,
				4B1AA091D3D71780B9B074BD /* YYReaderUITests */,
				BF648321E521A205D329D569 /* Products */,
			);
			sourceTree = "<group>";
		};
		3242004E92A36E81F85D4AA3 /* Models */ = {
			isa = PBXGroup;
			children = (
				D5D1740DCF73FCC87C639D10 /* Book.swift */,
				A5D761F36F7A56585B471FF4 /* Chapter.swift */,
				A970E77F45F639BE46466C34 /* PresentedError.swift */,
				8D2E26E4BA7E1FFC85D45EDC /* ReaderFontFamily.swift */,
				6C9CBDB8A44F784298110098 /* ReaderTheme.swift */,
			);
			path = Models;
			sourceTree = "<group>";
		};
		34532CECC2417FA5B40F19E2 /* Parsing */ = {
			isa = PBXGroup;
			children = (
				C7D5F292EE7DD72DA68E2645 /* ChapterLoadResult.swift */,
				E80A1F8E2F806202933B9AB0 /* ChapterSeed.swift */,
				FB232BA40FDEACF9051BB07C /* GenericNovelAdapter.swift */,
				99E73C0A377606B7AE3D2441 /* HTMLParsingSupport.swift */,
				5D08DB90C7789698A8F4EF47 /* LoadedHTML.swift */,
				0A0C2BF6B6A3928A55288E00 /* NovelImportResult.swift */,
				6199C6EE07E4B8E958A72431 /* NovelParserRegistry.swift */,
				18F8171F673C531B4B322F32 /* NovelParsingError.swift */,
				6FD51C7589B5F294D12D85C5 /* NovelSourceAdapter.swift */,
				9F099E04E236C9771869D04C /* ParsedBookCatalog.swift */,
				EF1CCB98FB4AB3A76240C417 /* ParsedChapterPage.swift */,
				8F23556879F40202C55A5AE2 /* QidiySourceAdapter.swift */,
			);
			path = Parsing;
			sourceTree = "<group>";
		};
		4B1AA091D3D71780B9B074BD /* YYReaderUITests */ = {
			isa = PBXGroup;
			children = (
				C58D088BCD41C64F65513CCF /* YYReaderUITests.swift */,
			);
			path = YYReaderUITests;
			sourceTree = "<group>";
		};
		5094B1DEBDC637FBD4DE4B79 /* Views */ = {
			isa = PBXGroup;
			children = (
				D044672EEE0BD4388C59459F /* AddURLSheet.swift */,
				3D1FE8ACBCD32A22D38F5482 /* AppearanceInspectorView.swift */,
				07CC7883179C338CD1A43211 /* BookSidebarRow.swift */,
				8EF1291F4E27B8B4FE509C2E /* BookSidebarView.swift */,
				98EA304347ABE06E85EC3B2E /* ChapterListRow.swift */,
				D8C34013BDE6587DD61D4B05 /* ChapterListView.swift */,
				58D98DA5F300CC42310CE160 /* LibraryRootView.swift */,
				2AE4AD03CC4FBB18CCF6CA46 /* LibrarySceneView.swift */,
				6A953173EF20ADE8253E9B38 /* LoadingOverlay.swift */,
				2330B732087CE3C5FFB3E748 /* ReaderChapterFooter.swift */,
				18BD4265501668198E65C51D /* ReaderChapterHeader.swift */,
				08C25A3B8B6503DA98B7E3EE /* ReaderContentView.swift */,
				DD05D6CF260ED4D8F4170A55 /* ReaderView.swift */,
				E42C84BE0068A64111D7ECFD /* SettingsView.swift */,
				8082FDBBCD83433CA69E01B1 /* WebVerificationSheet.swift */,
				16962E22CE775BEF29CF2B36 /* WebVerificationWebView.swift */,
			);
			path = Views;
			sourceTree = "<group>";
		};
		A4E6DE9851C9165254126295 /* App */ = {
			isa = PBXGroup;
			children = (
				78AF145EE46E35499D1F81E3 /* YYReaderApp.swift */,
				4B4337F074B548FC6EDC7F63 /* YYReaderCommands.swift */,
			);
			path = App;
			sourceTree = "<group>";
		};
		BD699D24DE9727CE0BE6BE4C /* Services */ = {
			isa = PBXGroup;
			children = (
				5B051F7BA1876915BF0B9C42 /* BrowserHTMLLoading.swift */,
				504AAFA49956B2F19B107A79 /* HostRateLimiter.swift */,
				8FD75CA164D0F7503CD112CD /* HTMLChallengeDetector.swift */,
				35B2125C2840385131A643EA /* HTMLDocumentLoading.swift */,
				27C80771729D62554BFAC4D6 /* HTMLLoadError.swift */,
				640BD2FB3A2FBFF1931C4B8D /* HybridHTMLLoader.swift */,
				3787AFBE8EAC539387F397DA /* NovelImportCoordinator.swift */,
				A754BF62E89043E19297471E /* StaticHTMLLoading.swift */,
				1BF1A7EE7FD930325126B08D /* URLSessionHTMLLoader.swift */,
				A236FF161626D4F5303DFF71 /* VerificationRequest.swift */,
				60C257C3334253FDA545E767 /* WebKitHostSession.swift */,
				FB05103F9EEF73AD9B3CBB7F /* WebKitHTMLLoader.swift */,
				B7F172692A51043633A53575 /* WebVerificationStore.swift */,
			);
			path = Services;
			sourceTree = "<group>";
		};
		BF648321E521A205D329D569 /* Products */ = {
			isa = PBXGroup;
			children = (
				A853C78203225CD1EE19A454 /* YYReader.app */,
				F457E711268710ACEC351E87 /* YYReaderTests.xctest */,
				4710DC4751044747A3180DED /* YYReaderUITests.xctest */,
			);
			name = Products;
			sourceTree = "<group>";
		};
		C7FD6F0A6BA1AB58A95F428D /* Resources */ = {
			isa = PBXGroup;
			children = (
				32AB5D097116B632E1AB1E3C /* Assets.xcassets */,
				196BE55A85434A7EA20CF2CC /* Localizable.xcstrings */,
			);
			path = Resources;
			sourceTree = "<group>";
		};
		CBF7B83B1202E89BA012E6E0 /* YYReaderTests */ = {
			isa = PBXGroup;
			children = (
				7D0924EC2E290CCE9F260E5C /* GenericNovelAdapterTests.swift */,
				D0D3F63E9E08B35BA3ACB1BD /* HostRateLimiterTests.swift */,
				766B2107CD7A9B981E5514CB /* HybridHTMLLoaderTests.swift */,
				8CE1ABD9F8C197D6EBAFE21F /* LibraryStoreTests.swift */,
				A84805A6C3E6F8B7D1A31E1A /* MockHTMLLoader.swift */,
				CBF8749F98DE0A2712F05A9D /* NovelImportCoordinatorTests.swift */,
				1C5A87FBAE440CB90C20C7D6 /* PersistenceTests.swift */,
				C32C675F4D81477BFFA9CD42 /* QidiySourceAdapterTests.swift */,
				E7ED0B9992F36F0EC7E5204E /* TestFixture.swift */,
				F237AAB35C9FAAC0ACDE32DF /* URLSessionHTMLLoaderTests.swift */,
				071BFF499B462D6F825F17E5 /* WebVerificationStoreTests.swift */,
			);
			path = YYReaderTests;
			sourceTree = "<group>";
		};
		DB2845E9FD5D9D6A3E062EC3 /* Stores */ = {
			isa = PBXGroup;
			children = (
				CBD58306A8C28850D96032D6 /* LibraryStore.swift */,
			);
			path = Stores;
			sourceTree = "<group>";
		};
/* End PBXGroup section */

/* Begin PBXNativeTarget section */
		9E86819502DC9CE666CC54CB /* YYReaderTests */ = {
			isa = PBXNativeTarget;
			buildConfigurationList = D7921721BB0C4EA93C2B10FD /* Build configuration list for PBXNativeTarget "YYReaderTests" */;
			buildPhases = (
				338E7E72B1DB2894C0E7EB65 /* Sources */,
			);
			buildRules = (
			);
			dependencies = (
				2C29F536352B4BD0724FA6A1 /* PBXTargetDependency */,
			);
			name = YYReaderTests;
			packageProductDependencies = (
			);
			productName = YYReaderTests;
			productReference = F457E711268710ACEC351E87 /* YYReaderTests.xctest */;
			productType = "com.apple.product-type.bundle.unit-test";
		};
		BB4614CFBD2648B2FC3CF548 /* YYReaderUITests */ = {
			isa = PBXNativeTarget;
			buildConfigurationList = 95B00E2829C570C939C010A0 /* Build configuration list for PBXNativeTarget "YYReaderUITests" */;
			buildPhases = (
				EEF326303AC1ECDD529D636B /* Sources */,
			);
			buildRules = (
			);
			dependencies = (
				57BB7926191BC1986CF9FE75 /* PBXTargetDependency */,
			);
			name = YYReaderUITests;
			packageProductDependencies = (
			);
			productName = YYReaderUITests;
			productReference = 4710DC4751044747A3180DED /* YYReaderUITests.xctest */;
			productType = "com.apple.product-type.bundle.ui-testing";
		};
		EC92EF3A20F2F3298EC3D8A5 /* YYReader */ = {
			isa = PBXNativeTarget;
			buildConfigurationList = E390726222ACCAD53E49D809 /* Build configuration list for PBXNativeTarget "YYReader" */;
			buildPhases = (
				7E81D320579B1DDEA1B4657E /* Sources */,
				11443D9248C14E0FF94316B6 /* Resources */,
				5B0C080D0D3B2A8936CBAEA4 /* Frameworks */,
			);
			buildRules = (
			);
			dependencies = (
			);
			name = YYReader;
			packageProductDependencies = (
				C4E8D1300F406932D8930199 /* SwiftSoup */,
			);
			productName = YYReader;
			productReference = A853C78203225CD1EE19A454 /* YYReader.app */;
			productType = "com.apple.product-type.application";
		};
/* End PBXNativeTarget section */

/* Begin PBXProject section */
		FEFD8B21F08E6687963FF449 /* Project object */ = {
			isa = PBXProject;
			attributes = {
				BuildIndependentTargetsInParallel = YES;
				LastUpgradeCheck = 1430;
				TargetAttributes = {
					BB4614CFBD2648B2FC3CF548 = {
						TestTargetID = EC92EF3A20F2F3298EC3D8A5;
					};
					EC92EF3A20F2F3298EC3D8A5 = {
						ProvisioningStyle = Automatic;
					};
				};
			};
			buildConfigurationList = 2E96AD56F69AF8D1BE08CB9D /* Build configuration list for PBXProject "YYReader" */;
			developmentRegion = en;
			hasScannedForEncodings = 0;
			knownRegions = (
				Base,
				en,
			);
			mainGroup = 1FB1BA4DBE62AE25456E34E7;
			minimizedProjectReferenceProxies = 1;
			packageReferences = (
				B534088A764CD422C4B9D2CA /* XCRemoteSwiftPackageReference "SwiftSoup" */,
			);
			preferredProjectObjectVersion = 77;
			productRefGroup = BF648321E521A205D329D569 /* Products */;
			projectDirPath = "";
			projectRoot = "";
			targets = (
				EC92EF3A20F2F3298EC3D8A5 /* YYReader */,
				9E86819502DC9CE666CC54CB /* YYReaderTests */,
				BB4614CFBD2648B2FC3CF548 /* YYReaderUITests */,
			);
		};
/* End PBXProject section */

/* Begin PBXResourcesBuildPhase section */
		11443D9248C14E0FF94316B6 /* Resources */ = {
			isa = PBXResourcesBuildPhase;
			buildActionMask = 2147483647;
			files = (
				A5B00F2450D59197C0B81C5D /* Assets.xcassets in Resources */,
				0B493AFF3233158F8D3FA690 /* Localizable.xcstrings in Resources */,
			);
			runOnlyForDeploymentPostprocessing = 0;
		};
/* End PBXResourcesBuildPhase section */

/* Begin PBXSourcesBuildPhase section */
		338E7E72B1DB2894C0E7EB65 /* Sources */ = {
			isa = PBXSourcesBuildPhase;
			buildActionMask = 2147483647;
			files = (
				F68A7482CDF738D05A945712 /* GenericNovelAdapterTests.swift in Sources */,
				93A7A3D4FD59AAACA61D7F81 /* HostRateLimiterTests.swift in Sources */,
				E74DEFD9BA19EB08A1F270C6 /* HybridHTMLLoaderTests.swift in Sources */,
				F01DFEDC5F5467EBD4C160AE /* LibraryStoreTests.swift in Sources */,
				EB3FB3B318FABA961EEAFB48 /* MockHTMLLoader.swift in Sources */,
				3EB8F85FEFE6756D0F74B607 /* NovelImportCoordinatorTests.swift in Sources */,
				004D8A78B0B7231D2B0AE54E /* PersistenceTests.swift in Sources */,
				CB80C2AFB2C0644048B9B2B7 /* QidiySourceAdapterTests.swift in Sources */,
				28EEF515B9B61FF5AF0BCD89 /* TestFixture.swift in Sources */,
				4A4C5F8A6717967E98475963 /* URLSessionHTMLLoaderTests.swift in Sources */,
				07360D5690400F521255DC73 /* WebVerificationStoreTests.swift in Sources */,
			);
			runOnlyForDeploymentPostprocessing = 0;
		};
		7E81D320579B1DDEA1B4657E /* Sources */ = {
			isa = PBXSourcesBuildPhase;
			buildActionMask = 2147483647;
			files = (
				3E22591FD9F89E31775A632C /* AddURLSheet.swift in Sources */,
				CC77BA445BE2DF949A447E5C /* AppServices.swift in Sources */,
				42698DCAD444FB862048ACB9 /* AppearanceInspectorView.swift in Sources */,
				96293ED26702025B94E5319F /* Book.swift in Sources */,
				A73EEF0DC258286645A1AEC3 /* BookSidebarRow.swift in Sources */,
				558D40AC4B764334F8E3E5EB /* BookSidebarView.swift in Sources */,
				37FA5D5426EE6A138FAB2347 /* BrowserHTMLLoading.swift in Sources */,
				7E943BD2878FA71800439E82 /* Chapter.swift in Sources */,
				4C92A5942DCBDF2F7B604A4A /* ChapterListRow.swift in Sources */,
				F842D815343EE1457D805495 /* ChapterListView.swift in Sources */,
				C6D38CEB69A9CF4FC9537530 /* ChapterLoadResult.swift in Sources */,
				36B330B1679B53B866C01302 /* ChapterSeed.swift in Sources */,
				19CC1707659A6A5FEC5D9022 /* GenericNovelAdapter.swift in Sources */,
				729AA310909477A4C13B37BB /* HTMLChallengeDetector.swift in Sources */,
				64085E444EB16F9C6DDCA49C /* HTMLDocumentLoading.swift in Sources */,
				903FE3125096698CE1547124 /* HTMLLoadError.swift in Sources */,
				F4DD90DCB55EB006E7D3A609 /* HTMLParsingSupport.swift in Sources */,
				FD6174CB2225418AA2DBFF31 /* HostRateLimiter.swift in Sources */,
				CE5AE74C60CF5809DA06DF84 /* HybridHTMLLoader.swift in Sources */,
				009BFDC795B37B6DB640CD1A /* LibraryRootView.swift in Sources */,
				6C48C46340A504942D277BCC /* LibrarySceneView.swift in Sources */,
				674DF86A39674877000083F4 /* LibraryStore.swift in Sources */,
				6952C68CD9E68046BE1293C0 /* LoadedHTML.swift in Sources */,
				617F23954D368296923CE412 /* LoadingOverlay.swift in Sources */,
				F711029E67DE635F87ABB740 /* NovelImportCoordinator.swift in Sources */,
				409E2E2D8E8F38C443DF01E7 /* NovelImportResult.swift in Sources */,
				EFF2EDE24E5FCB974A3AE051 /* NovelParserRegistry.swift in Sources */,
				C6447841F0B15C04B263B334 /* NovelParsingError.swift in Sources */,
				A87D6E81BB08990A03275CEB /* NovelSourceAdapter.swift in Sources */,
				87AB7B86468839E489494A7C /* ParsedBookCatalog.swift in Sources */,
				A68D8E76A2C1D0DA4C02C22B /* ParsedChapterPage.swift in Sources */,
				5B175FEF7C01E5192325F8AF /* PresentedError.swift in Sources */,
				E8A4A8253AEBD688095741E1 /* QidiySourceAdapter.swift in Sources */,
				C7150A1F172FC1ADDADBC4A0 /* ReaderChapterFooter.swift in Sources */,
				FBC706AB0EC52F83781B8F3A /* ReaderChapterHeader.swift in Sources */,
				58AD125ED53BDDC187DCF1D6 /* ReaderCommandActions.swift in Sources */,
				4BA7C64F52DA2AAA654598AF /* ReaderContentView.swift in Sources */,
				84C4D4EEE97245831FE23B1C /* ReaderFontFamily.swift in Sources */,
				30D0DE162D03DCC5B09A7E6B /* ReaderPreferenceKeys.swift in Sources */,
				E5FABD7219D900D7F148630B /* ReaderTheme.swift in Sources */,
				E947B676353F0C4CE368AB69 /* ReaderView.swift in Sources */,
				43DFD3FFF7A05F82B8933A2B /* SettingsView.swift in Sources */,
				FB802AA6FCCD1B9DEDD2B993 /* StaticHTMLLoading.swift in Sources */,
				8B580A7CBF7E1DD56044708E /* URLSessionHTMLLoader.swift in Sources */,
				CE0DF3B1BB48CA5D6A8516DD /* VerificationRequest.swift in Sources */,
				1BC0694779A074253BE1822F /* WebKitHTMLLoader.swift in Sources */,
				359237AAFCCA7F72EE876A84 /* WebKitHostSession.swift in Sources */,
				4492D78D2E6B7FFBEB9F2006 /* WebVerificationSheet.swift in Sources */,
				612B59FD206D850D9E5EC6E4 /* WebVerificationStore.swift in Sources */,
				BC4A5DFF1E411D647CEA04E9 /* WebVerificationWebView.swift in Sources */,
				1BC655056225E3BD65C687C2 /* YYReaderApp.swift in Sources */,
				937A142878F8921B6ADC0225 /* YYReaderCommands.swift in Sources */,
			);
			runOnlyForDeploymentPostprocessing = 0;
		};
		EEF326303AC1ECDD529D636B /* Sources */ = {
			isa = PBXSourcesBuildPhase;
			buildActionMask = 2147483647;
			files = (
				ECB480AE20FB7F05887E9B93 /* YYReaderUITests.swift in Sources */,
			);
			runOnlyForDeploymentPostprocessing = 0;
		};
/* End PBXSourcesBuildPhase section */

/* Begin PBXTargetDependency section */
		2C29F536352B4BD0724FA6A1 /* PBXTargetDependency */ = {
			isa = PBXTargetDependency;
			target = EC92EF3A20F2F3298EC3D8A5 /* YYReader */;
			targetProxy = 9DA4F2E230B52A028E1F7FE9 /* PBXContainerItemProxy */;
		};
		57BB7926191BC1986CF9FE75 /* PBXTargetDependency */ = {
			isa = PBXTargetDependency;
			target = EC92EF3A20F2F3298EC3D8A5 /* YYReader */;
			targetProxy = 759297D28386970EE8104FF6 /* PBXContainerItemProxy */;
		};
/* End PBXTargetDependency section */

/* Begin XCBuildConfiguration section */
		428671F032C67E8D5F54CC0D /* Debug */ = {
			isa = XCBuildConfiguration;
			buildSettings = {
				BUNDLE_LOADER = "$(TEST_HOST)";
				COMBINE_HIDPI_IMAGES = YES;
				GENERATE_INFOPLIST_FILE = YES;
				LD_RUNPATH_SEARCH_PATHS = (
					"$(inherited)",
					"@executable_path/Frameworks",
					"@loader_path/Frameworks",
				);
				PRODUCT_BUNDLE_IDENTIFIER = com.yyreader.app.uitests;
				SDKROOT = macosx;
				TEST_TARGET_NAME = YYReader;
			};
			name = Debug;
		};
		B20A52341EEBF18E64B95814 /* Release */ = {
			isa = XCBuildConfiguration;
			buildSettings = {
				ALWAYS_SEARCH_USER_PATHS = NO;
				CLANG_ANALYZER_NONNULL = YES;
				CLANG_ANALYZER_NUMBER_OBJECT_CONVERSION = YES_AGGRESSIVE;
				CLANG_CXX_LANGUAGE_STANDARD = "gnu++14";
				CLANG_CXX_LIBRARY = "libc++";
				CLANG_ENABLE_MODULES = YES;
				CLANG_ENABLE_OBJC_ARC = YES;
				CLANG_ENABLE_OBJC_WEAK = YES;
				CLANG_WARN_BLOCK_CAPTURE_AUTORELEASING = YES;
				CLANG_WARN_BOOL_CONVERSION = YES;
				CLANG_WARN_COMMA = YES;
				CLANG_WARN_CONSTANT_CONVERSION = YES;
				CLANG_WARN_DEPRECATED_OBJC_IMPLEMENTATIONS = YES;
				CLANG_WARN_DIRECT_OBJC_ISA_USAGE = YES_ERROR;
				CLANG_WARN_DOCUMENTATION_COMMENTS = YES;
				CLANG_WARN_EMPTY_BODY = YES;
				CLANG_WARN_ENUM_CONVERSION = YES;
				CLANG_WARN_INFINITE_RECURSION = YES;
				CLANG_WARN_INT_CONVERSION = YES;
				CLANG_WARN_NON_LITERAL_NULL_CONVERSION = YES;
				CLANG_WARN_OBJC_IMPLICIT_RETAIN_SELF = YES;
				CLANG_WARN_OBJC_LITERAL_CONVERSION = YES;
				CLANG_WARN_OBJC_ROOT_CLASS = YES_ERROR;
				CLANG_WARN_QUOTED_INCLUDE_IN_FRAMEWORK_HEADER = YES;
				CLANG_WARN_RANGE_LOOP_ANALYSIS = YES;
				CLANG_WARN_STRICT_PROTOTYPES = YES;
				CLANG_WARN_SUSPICIOUS_MOVE = YES;
				CLANG_WARN_UNGUARDED_AVAILABILITY = YES_AGGRESSIVE;
				CLANG_WARN_UNREACHABLE_CODE = YES;
				CLANG_WARN__DUPLICATE_METHOD_MATCH = YES;
				COPY_PHASE_STRIP = NO;
				DEBUG_INFORMATION_FORMAT = "dwarf-with-dsym";
				ENABLE_NS_ASSERTIONS = NO;
				ENABLE_STRICT_OBJC_MSGSEND = YES;
				GCC_C_LANGUAGE_STANDARD = gnu11;
				GCC_NO_COMMON_BLOCKS = YES;
				GCC_WARN_64_TO_32_BIT_CONVERSION = YES;
				GCC_WARN_ABOUT_RETURN_TYPE = YES_ERROR;
				GCC_WARN_UNDECLARED_SELECTOR = YES;
				GCC_WARN_UNINITIALIZED_AUTOS = YES_AGGRESSIVE;
				GCC_WARN_UNUSED_FUNCTION = YES;
				GCC_WARN_UNUSED_VARIABLE = YES;
				MACOSX_DEPLOYMENT_TARGET = 15.0;
				MTL_ENABLE_DEBUG_INFO = NO;
				MTL_FAST_MATH = YES;
				PRODUCT_NAME = "$(TARGET_NAME)";
				SDKROOT = macosx;
				SWIFT_COMPILATION_MODE = wholemodule;
				SWIFT_OPTIMIZATION_LEVEL = "-O";
				SWIFT_STRICT_CONCURRENCY = complete;
				SWIFT_VERSION = 6.0;
			};
			name = Release;
		};
		BB27986806ED14FBD2918BBD /* Release */ = {
			isa = XCBuildConfiguration;
			buildSettings = {
				ARCHS = arm64;
				ASSETCATALOG_COMPILER_APPICON_NAME = AppIcon;
				CODE_SIGN_ENTITLEMENTS = YYReader/YYReader.entitlements;
				CODE_SIGN_STYLE = Automatic;
				COMBINE_HIDPI_IMAGES = YES;
				GENERATE_INFOPLIST_FILE = YES;
				INFOPLIST_FILE = YYReader/Info.plist;
				INFOPLIST_KEY_CFBundleDisplayName = YYReader;
				INFOPLIST_KEY_LSApplicationCategoryType = "public.app-category.books";
				INFOPLIST_KEY_NSHighResolutionCapable = YES;
				LD_RUNPATH_SEARCH_PATHS = (
					"$(inherited)",
					"@executable_path/../Frameworks",
				);
				PRODUCT_BUNDLE_IDENTIFIER = com.yyreader.app;
				PRODUCT_NAME = YYReader;
				SDKROOT = macosx;
			};
			name = Release;
		};
		C52290157068EF6CC6B458E7 /* Debug */ = {
			isa = XCBuildConfiguration;
			buildSettings = {
				ALWAYS_SEARCH_USER_PATHS = NO;
				CLANG_ANALYZER_NONNULL = YES;
				CLANG_ANALYZER_NUMBER_OBJECT_CONVERSION = YES_AGGRESSIVE;
				CLANG_CXX_LANGUAGE_STANDARD = "gnu++14";
				CLANG_CXX_LIBRARY = "libc++";
				CLANG_ENABLE_MODULES = YES;
				CLANG_ENABLE_OBJC_ARC = YES;
				CLANG_ENABLE_OBJC_WEAK = YES;
				CLANG_WARN_BLOCK_CAPTURE_AUTORELEASING = YES;
				CLANG_WARN_BOOL_CONVERSION = YES;
				CLANG_WARN_COMMA = YES;
				CLANG_WARN_CONSTANT_CONVERSION = YES;
				CLANG_WARN_DEPRECATED_OBJC_IMPLEMENTATIONS = YES;
				CLANG_WARN_DIRECT_OBJC_ISA_USAGE = YES_ERROR;
				CLANG_WARN_DOCUMENTATION_COMMENTS = YES;
				CLANG_WARN_EMPTY_BODY = YES;
				CLANG_WARN_ENUM_CONVERSION = YES;
				CLANG_WARN_INFINITE_RECURSION = YES;
				CLANG_WARN_INT_CONVERSION = YES;
				CLANG_WARN_NON_LITERAL_NULL_CONVERSION = YES;
				CLANG_WARN_OBJC_IMPLICIT_RETAIN_SELF = YES;
				CLANG_WARN_OBJC_LITERAL_CONVERSION = YES;
				CLANG_WARN_OBJC_ROOT_CLASS = YES_ERROR;
				CLANG_WARN_QUOTED_INCLUDE_IN_FRAMEWORK_HEADER = YES;
				CLANG_WARN_RANGE_LOOP_ANALYSIS = YES;
				CLANG_WARN_STRICT_PROTOTYPES = YES;
				CLANG_WARN_SUSPICIOUS_MOVE = YES;
				CLANG_WARN_UNGUARDED_AVAILABILITY = YES_AGGRESSIVE;
				CLANG_WARN_UNREACHABLE_CODE = YES;
				CLANG_WARN__DUPLICATE_METHOD_MATCH = YES;
				COPY_PHASE_STRIP = NO;
				DEBUG_INFORMATION_FORMAT = dwarf;
				ENABLE_STRICT_OBJC_MSGSEND = YES;
				ENABLE_TESTABILITY = YES;
				GCC_C_LANGUAGE_STANDARD = gnu11;
				GCC_DYNAMIC_NO_PIC = NO;
				GCC_NO_COMMON_BLOCKS = YES;
				GCC_OPTIMIZATION_LEVEL = 0;
				GCC_PREPROCESSOR_DEFINITIONS = (
					"$(inherited)",
					"DEBUG=1",
				);
				GCC_WARN_64_TO_32_BIT_CONVERSION = YES;
				GCC_WARN_ABOUT_RETURN_TYPE = YES_ERROR;
				GCC_WARN_UNDECLARED_SELECTOR = YES;
				GCC_WARN_UNINITIALIZED_AUTOS = YES_AGGRESSIVE;
				GCC_WARN_UNUSED_FUNCTION = YES;
				GCC_WARN_UNUSED_VARIABLE = YES;
				MACOSX_DEPLOYMENT_TARGET = 15.0;
				MTL_ENABLE_DEBUG_INFO = INCLUDE_SOURCE;
				MTL_FAST_MATH = YES;
				ONLY_ACTIVE_ARCH = YES;
				PRODUCT_NAME = "$(TARGET_NAME)";
				SDKROOT = macosx;
				SWIFT_ACTIVE_COMPILATION_CONDITIONS = DEBUG;
				SWIFT_OPTIMIZATION_LEVEL = "-Onone";
				SWIFT_STRICT_CONCURRENCY = complete;
				SWIFT_VERSION = 6.0;
			};
			name = Debug;
		};
		CA8C6DB405ED8CAE21B7A0F8 /* Release */ = {
			isa = XCBuildConfiguration;
			buildSettings = {
				BUNDLE_LOADER = "$(TEST_HOST)";
				COMBINE_HIDPI_IMAGES = YES;
				GENERATE_INFOPLIST_FILE = YES;
				LD_RUNPATH_SEARCH_PATHS = (
					"$(inherited)",
					"@executable_path/Frameworks",
					"@loader_path/Frameworks",
				);
				PRODUCT_BUNDLE_IDENTIFIER = com.yyreader.app.uitests;
				SDKROOT = macosx;
				TEST_TARGET_NAME = YYReader;
			};
			name = Release;
		};
		CA971F70735A7203904B1CDD /* Debug */ = {
			isa = XCBuildConfiguration;
			buildSettings = {
				BUNDLE_LOADER = "$(TEST_HOST)";
				COMBINE_HIDPI_IMAGES = YES;
				GENERATE_INFOPLIST_FILE = YES;
				LD_RUNPATH_SEARCH_PATHS = (
					"$(inherited)",
					"@executable_path/../Frameworks",
					"@loader_path/../Frameworks",
				);
				PRODUCT_BUNDLE_IDENTIFIER = com.yyreader.app.tests;
				SDKROOT = macosx;
				TEST_HOST = "$(BUILT_PRODUCTS_DIR)/YYReader.app/Contents/MacOS/YYReader";
			};
			name = Debug;
		};
		D543B5AB6B9A99F13E698AF2 /* Release */ = {
			isa = XCBuildConfiguration;
			buildSettings = {
				BUNDLE_LOADER = "$(TEST_HOST)";
				COMBINE_HIDPI_IMAGES = YES;
				GENERATE_INFOPLIST_FILE = YES;
				LD_RUNPATH_SEARCH_PATHS = (
					"$(inherited)",
					"@executable_path/../Frameworks",
					"@loader_path/../Frameworks",
				);
				PRODUCT_BUNDLE_IDENTIFIER = com.yyreader.app.tests;
				SDKROOT = macosx;
				TEST_HOST = "$(BUILT_PRODUCTS_DIR)/YYReader.app/Contents/MacOS/YYReader";
			};
			name = Release;
		};
		E8EBFFED28B71559FDDD89CD /* Debug */ = {
			isa = XCBuildConfiguration;
			buildSettings = {
				ARCHS = arm64;
				ASSETCATALOG_COMPILER_APPICON_NAME = AppIcon;
				CODE_SIGN_ENTITLEMENTS = YYReader/YYReader.entitlements;
				CODE_SIGN_STYLE = Automatic;
				COMBINE_HIDPI_IMAGES = YES;
				GENERATE_INFOPLIST_FILE = YES;
				INFOPLIST_FILE = YYReader/Info.plist;
				INFOPLIST_KEY_CFBundleDisplayName = YYReader;
				INFOPLIST_KEY_LSApplicationCategoryType = "public.app-category.books";
				INFOPLIST_KEY_NSHighResolutionCapable = YES;
				LD_RUNPATH_SEARCH_PATHS = (
					"$(inherited)",
					"@executable_path/../Frameworks",
				);
				PRODUCT_BUNDLE_IDENTIFIER = com.yyreader.app;
				PRODUCT_NAME = YYReader;
				SDKROOT = macosx;
			};
			name = Debug;
		};
/* End XCBuildConfiguration section */

/* Begin XCConfigurationList section */
		2E96AD56F69AF8D1BE08CB9D /* Build configuration list for PBXProject "YYReader" */ = {
			isa = XCConfigurationList;
			buildConfigurations = (
				C52290157068EF6CC6B458E7 /* Debug */,
				B20A52341EEBF18E64B95814 /* Release */,
			);
			defaultConfigurationIsVisible = 0;
			defaultConfigurationName = Debug;
		};
		95B00E2829C570C939C010A0 /* Build configuration list for PBXNativeTarget "YYReaderUITests" */ = {
			isa = XCConfigurationList;
			buildConfigurations = (
				428671F032C67E8D5F54CC0D /* Debug */,
				CA8C6DB405ED8CAE21B7A0F8 /* Release */,
			);
			defaultConfigurationIsVisible = 0;
			defaultConfigurationName = Debug;
		};
		D7921721BB0C4EA93C2B10FD /* Build configuration list for PBXNativeTarget "YYReaderTests" */ = {
			isa = XCConfigurationList;
			buildConfigurations = (
				CA971F70735A7203904B1CDD /* Debug */,
				D543B5AB6B9A99F13E698AF2 /* Release */,
			);
			defaultConfigurationIsVisible = 0;
			defaultConfigurationName = Debug;
		};
		E390726222ACCAD53E49D809 /* Build configuration list for PBXNativeTarget "YYReader" */ = {
			isa = XCConfigurationList;
			buildConfigurations = (
				E8EBFFED28B71559FDDD89CD /* Debug */,
				BB27986806ED14FBD2918BBD /* Release */,
			);
			defaultConfigurationIsVisible = 0;
			defaultConfigurationName = Debug;
		};
/* End XCConfigurationList section */

/* Begin XCRemoteSwiftPackageReference section */
		B534088A764CD422C4B9D2CA /* XCRemoteSwiftPackageReference "SwiftSoup" */ = {
			isa = XCRemoteSwiftPackageReference;
			repositoryURL = "https://github.com/scinfu/SwiftSoup.git";
			requirement = {
				kind = exactVersion;
				version = 2.13.5;
			};
		};
/* End XCRemoteSwiftPackageReference section */

/* Begin XCSwiftPackageProductDependency section */
		C4E8D1300F406932D8930199 /* SwiftSoup */ = {
			isa = XCSwiftPackageProductDependency;
			package = B534088A764CD422C4B9D2CA /* XCRemoteSwiftPackageReference "SwiftSoup" */;
			productName = SwiftSoup;
		};
/* End XCSwiftPackageProductDependency section */
	};
	rootObject = FEFD8B21F08E6687963FF449 /* Project object */;
}
